// !$*UTF8*$!
{
	archiveVersion = 1;
	classes = {
	};
	objectVersion = 50;
	objects = {

/* Begin PBXBuildFile section */
		FF4DE4AA22181531000A4942 /* AppDelegate.swift in Sources */ = {isa = PBXBuildFile; fileRef = FF4DE4A922181531000A4942 /* AppDelegate.swift */; };
		FF4DE4AC22181531000A4942 /* ViewController.swift in Sources */ = {isa = PBXBuildFile; fileRef = FF4DE4AB22181531000A4942 /* ViewController.swift */; };
		FF4DE4AF22181531000A4942 /* Main.storyboard in Resources */ = {isa = PBXBuildFile; fileRef = FF4DE4AD22181531000A4942 /* Main.storyboard */; };
		FF4DE4B122181531000A4942 /* Assets.xcassets in Resources */ = {isa = PBXBuildFile; fileRef = FF4DE4B022181531000A4942 /* Assets.xcassets */; };
		FF4DE4B422181531000A4942 /* LaunchScreen.storyboard in Resources */ = {isa = PBXBuildFile; fileRef = FF4DE4B222181531000A4942 /* LaunchScreen.storyboard */; };
		FF4DE4BE221860C2000A4942 /* UIAlertController+init.swift in Sources */ = {isa = PBXBuildFile; fileRef = FF4DE4BD221860C2000A4942 /* UIAlertController+init.swift */; };
		FF4DE4C1221874EE000A4942 /* CSVManager.swift in Sources */ = {isa = PBXBuildFile; fileRef = FF4DE4C0221874EE000A4942 /* CSVManager.swift */; };
/* End PBXBuildFile section */

/* Begin PBXFileReference section */
		FF4DE4A622181531000A4942 /* Send Email App.app */ = {isa = PBXFileReference; explicitFileType = wrapper.application; includeInIndex = 0; path = "Send Email App.app"; sourceTree = BUILT_PRODUCTS_DIR; };
		FF4DE4A922181531000A4942 /* AppDelegate.swift */ = {isa = PBXFileReference; lastKnownFileType = sourcecode.swift; path = AppDelegate.swift; sourceTree = "<group>"; };
		FF4DE4AB22181531000A4942 /* ViewController.swift */ = {isa = PBXFileReference; lastKnownFileType = sourcecode.swift; path = ViewController.swift; sourceTree = "<group>"; };
		FF4DE4AE22181531000A4942 /* Base */ = {isa = PBXFileReference; lastKnownFileType = file.storyboard; name = Base; path = Base.lproj/Main.storyboard; sourceTree = "<group>"; };
		FF4DE4B022181531000A4942 /* Assets.xcassets */ = {isa = PBXFileReference; lastKnownFileType = folder.assetcatalog; path = Assets.xcassets; sourceTree = "<group>"; };
		FF4DE4B322181531000A4942 /* Base */ = {isa = PBXFileReference; lastKnownFileType = file.storyboard; name = Base; path = Base.lproj/LaunchScreen.storyboard; sourceTree = "<group>"; };
		FF4DE4B522181531000A4942 /* Info.plist */ = {isa = PBXFileReference; lastKnownFileType = text.plist.xml; path = Info.plist; sourceTree = "<group>"; };
		FF4DE4BD221860C2000A4942 /* UIAlertController+init.swift */ = {isa = PBXFileReference; lastKnownFileType = sourcecode.swift; path = "UIAlertController+init.swift"; sourceTree = "<group>"; };
		FF4DE4C0221874EE000A4942 /* CSVManager.swift */ = {isa = PBXFileReference; lastKnownFileType = sourcecode.swift; path = CSVManager.swift; sourceTree = "<group>"; };
/* End PBXFileReference section */

/* Begin PBXFrameworksBuildPhase section */
		FF4DE4A322181531000A4942 /* Frameworks */ = {
			isa = PBXFrameworksBuildPhase;
			buildActionMask = 2147483647;
			files = (
			);
			runOnlyForDeploymentPostprocessing = 0;
		};
/* End PBXFrameworksBuildPhase section */

/* Begin PBXGroup section */
		FF4DE49D22181531000A4942 = {
			isa = PBXGroup;
			children = (
				FF4DE4A822181531000A4942 /* Send Email App */,
				FF4DE4A722181531000A4942 /* Products */,
			);
			sourceTree = "<group>";
		};
		FF4DE4A722181531000A4942 /* Products */ = {
			isa = PBXGroup;
			children = (
				FF4DE4A622181531000A4942 /* Send Email App.app */,
			);
			name = Products;
			sourceTree = "<group>";
		};
		FF4DE4A822181531000A4942 /* Send Email App */ = {
			isa = PBXGroup;
			children = (
				FF4DE4A922181531000A4942 /* AppDelegate.swift */,
				FF4DE4AB22181531000A4942 /* ViewController.swift */,
				FF4DE4C0221874EE000A4942 /* CSVManager.swift */,
				FF4DE4AD22181531000A4942 /* Main.storyboard */,
				FF4DE4B022181531000A4942 /* Assets.xcassets */,
				FF4DE4B222181531000A4942 /* LaunchScreen.storyboard */,
				FF4DE4B522181531000A4942 /* Info.plist */,
				FF4DE4BF221874A2000A4942 /* Extensions */,
			);
			path = "Send Email App";
			sourceTree = "<group>";
		};
		FF4DE4BF221874A2000A4942 /* Extensions */ = {
			isa = PBXGroup;
			children = (
				FF4DE4BD221860C2000A4942 /* UIAlertController+init.swift */,
			);
			path = Extensions;
			sourceTree = "<group>";
		};
/* End PBXGroup section */

/* Begin PBXNativeTarget section */
		FF4DE4A522181531000A4942 /* Send Email App */ = {
			isa = PBXNativeTarget;
			buildConfigurationList = FF4DE4B822181531000A4942 /* Build configuration list for PBXNativeTarget "Send Email App" */;
			buildPhases = (
				FF4DE4A222181531000A4942 /* Sources */,
				FF4DE4A322181531000A4942 /* Frameworks */,
				FF4DE4A422181531000A4942 /* Resources */,
			);
			buildRules = (
			);
			dependencies = (
			);
			name = "Send Email App";
			productName = "Send Email App";
			productReference = FF4DE4A622181531000A4942 /* Send Email App.app */;
			productType = "com.apple.product-type.application";
		};
/* End PBXNativeTarget section */

/* Begin PBXProject section */
		FF4DE49E22181531000A4942 /* Project object */ = {
			isa = PBXProject;
			attributes = {
				LastSwiftUpdateCheck = 1010;
				LastUpgradeCheck = 1010;
				ORGANIZATIONNAME = "Александр Алгашев";
				TargetAttributes = {
					FF4DE4A522181531000A4942 = {
						CreatedOnToolsVersion = 10.1;
					};
				};
			};
			buildConfigurationList = FF4DE4A122181531000A4942 /* Build configuration list for PBXProject "Send Email App" */;
			compatibilityVersion = "Xcode 9.3";
			developmentRegion = en;
			hasScannedForEncodings = 0;
			knownRegions = (
				en,
				Base,
			);
			mainGroup = FF4DE49D22181531000A4942;
			productRefGroup = FF4DE4A722181531000A4942 /* Products */;
			projectDirPath = "";
			projectRoot = "";
			targets = (
				FF4DE4A522181531000A4942 /* Send Email App */,
			);
		};
/* End PBXProject section */

/* Begin PBXResourcesBuildPhase section */
		FF4DE4A422181531000A4942 /* Resources */ = {
			isa = PBXResourcesBuildPhase;
			buildActionMask = 2147483647;
			files = (
				FF4DE4B422181531000A4942 /* LaunchScreen.storyboard in Resources */,
				FF4DE4B122181531000A4942 /* Assets.xcassets in Resources */,
				FF4DE4AF22181531000A4942 /* Main.storyboard in Resources */,
			);
			runOnlyForDeploymentPostprocessing = 0;
		};
/* End PBXResourcesBuildPhase section */

/* Begin PBXSourcesBuildPhase section */
		FF4DE4A222181531000A4942 /* Sources */ = {
			isa = PBXSourcesBuildPhase;
			buildActionMask = 2147483647;
			files = (
				FF4DE4AC22181531000A4942 /* ViewController.swift in Sources */,
				FF4DE4AA22181531000A4942 /* AppDelegate.swift in Sources */,
				FF4DE4C1221874EE000A4942 /* CSVManager.swift in Sources */,
				FF4DE4BE221860C2000A4942 /* UIAlertController+init.swift in Sources */,
			);
			runOnlyForDeploymentPostprocessing = 0;
		};
/* End PBXSourcesBuildPhase section */

/* Begin PBXVariantGroup section */
		FF4DE4AD22181531000A4942 /* Main.storyboard */ = {
			isa = PBXVariantGroup;
			children = (
				FF4DE4AE22181531000A4942 /* Base */,
			);
			name = Main.storyboard;
			sourceTree = "<group>";
		};
		FF4DE4B222181531000A4942 /* LaunchScreen.storyboard */ = {
			isa = PBXVariantGroup;
			children = (
				FF4DE4B322181531000A4942 /* Base */,
			);
			name = LaunchScreen.storyboard;
			sourceTree = "<group>";
		};
/* End PBXVariantGroup section */

/* Begin XCBuildConfiguration section */
		FF4DE4B622181531000A4942 /* Debug */ = {
			isa = XCBuildConfiguration;
			buildSettings = {
				ALWAYS_SEARCH_USER_PATHS = NO;
				CLANG_ANALYZER_NONNULL = YES;
				CLANG_ANALYZER_NUMBER_OBJECT_CONVERSION = YES_AGGRESSIVE;
				CLANG_CXX_LANGUAGE_STANDARD = "gnu++14";
				CLANG_CXX_LIBRARY = "libc++";
				CLANG_ENABLE_MODULES = YES;
				CLANG_ENABLE_OBJC_ARC = YES;
				CLANG_ENABLE_OBJC_WEAK = YES;
				CLANG_WARN_BLOCK_CAPTURE_AUTORELEASING = YES;
				CLANG_WARN_BOOL_CONVERSION = YES;
				CLANG_WARN_COMMA = YES;
				CLANG_WARN_CONSTANT_CONVERSION = YES;
				CLANG_WARN_DEPRECATED_OBJC_IMPLEMENTATIONS = YES;
				CLANG_WARN_DIRECT_OBJC_ISA_USAGE = YES_ERROR;
				CLANG_WARN_DOCUMENTATION_COMMENTS = YES;
				CLANG_WARN_EMPTY_BODY = YES;
				CLANG_WARN_ENUM_CONVERSION = YES;
				CLANG_WARN_INFINITE_RECURSION = YES;
				CLANG_WARN_INT_CONVERSION = YES;
				CLANG_WARN_NON_LITERAL_NULL_CONVERSION = YES;
				CLANG_WARN_OBJC_IMPLICIT_RETAIN_SELF = YES;
				CLANG_WARN_OBJC_LITERAL_CONVERSION = YES;
				CLANG_WARN_OBJC_ROOT_CLASS = YES_ERROR;
				CLANG_WARN_RANGE_LOOP_ANALYSIS = YES;
				CLANG_WARN_STRICT_PROTOTYPES = YES;
				CLANG_WARN_SUSPICIOUS_MOVE = YES;
				CLANG_WARN_UNGUARDED_AVAILABILITY = YES_AGGRESSIVE;
				CLANG_WARN_UNREACHABLE_CODE = YES;
				CLANG_WARN__DUPLICATE_METHOD_MATCH = YES;
				CODE_SIGN_IDENTITY = "iPhone Developer";
				COPY_PHASE_STRIP = NO;
				DEBUG_INFORMATION_FORMAT = dwarf;
				ENABLE_STRICT_OBJC_MSGSEND = YES;
				ENABLE_TESTABILITY = YES;
				GCC_C_LANGUAGE_STANDARD = gnu11;
				GCC_DYNAMIC_NO_PIC = NO;
				GCC_NO_COMMON_BLOCKS = YES;
				GCC_OPTIMIZATION_LEVEL = 0;
				GCC_PREPROCESSOR_DEFINITIONS = (
					"DEBUG=1",
					"$(inherited)",
				);
				GCC_WARN_64_TO_32_BIT_CONVERSION = YES;
				GCC_WARN_ABOUT_RETURN_TYPE = YES_ERROR;
				GCC_WARN_UNDECLARED_SELECTOR = YES;
				GCC_WARN_UNINITIALIZED_AUTOS = YES_AGGRESSIVE;
				GCC_WARN_UNUSED_FUNCTION = YES;
				GCC_WARN_UNUSED_VARIABLE = YES;
				IPHONEOS_DEPLOYMENT_TARGET = 12.1;
				MTL_ENABLE_DEBUG_INFO = INCLUDE_SOURCE;
				MTL_FAST_MATH = YES;
				ONLY_ACTIVE_ARCH = YES;
				SDKROOT = iphoneos;
				SWIFT_ACTIVE_COMPILATION_CONDITIONS = DEBUG;
				SWIFT_OPTIMIZATION_LEVEL = "-Onone";
			};
			name = Debug;
		};
		FF4DE4B722181531000A4942 /* Release */ = {
			isa = XCBuildConfiguration;
			buildSettings = {
				ALWAYS_SEARCH_USER_PATHS = NO;
				CLANG_ANALYZER_NONNULL = YES;
				CLANG_ANALYZER_NUMBER_OBJECT_CONVERSION = YES_AGGRESSIVE;
				CLANG_CXX_LANGUAGE_STANDARD = "gnu++14";
				CLANG_CXX_LIBRARY = "libc++";
				CLANG_ENABLE_MODULES = YES;
				CLANG_ENABLE_OBJC_ARC = YES;
				CLANG_ENABLE_OBJC_WEAK = YES;
				CLANG_WARN_BLOCK_CAPTURE_AUTORELEASING = YES;
				CLANG_WARN_BOOL_CONVERSION = YES;
				CLANG_WARN_COMMA = YES;
				CLANG_WARN_CONSTANT_CONVERSION = YES;
				CLANG_WARN_DEPRECATED_OBJC_IMPLEMENTATIONS = YES;
				CLANG_WARN_DIRECT_OBJC_ISA_USAGE = YES_ERROR;
				CLANG_WARN_DOCUMENTATION_COMMENTS = YES;
				CLANG_WARN_EMPTY_BODY = YES;
				CLANG_WARN_ENUM_CONVERSION = YES;
				CLANG_WARN_INFINITE_RECURSION = YES;
				CLANG_WARN_INT_CONVERSION = YES;
				CLANG_WARN_NON_LITERAL_NULL_CONVERSION = YES;
				CLANG_WARN_OBJC_IMPLICIT_RETAIN_SELF = YES;
				CLANG_WARN_OBJC_LITERAL_CONVERSION = YES;
				CLANG_WARN_OBJC_ROOT_CLASS = YES_ERROR;
				CLANG_WARN_RANGE_LOOP_ANALYSIS = YES;
				CLANG_WARN_STRICT_PROTOTYPES = YES;
				CLANG_WARN_SUSPICIOUS_MOVE = YES;
				CLANG_WARN_UNGUARDED_AVAILABILITY = YES_AGGRESSIVE;
				CLANG_WARN_UNREACHABLE_CODE = YES;
				CLANG_WARN__DUPLICATE_METHOD_MATCH = YES;
				CODE_SIGN_IDENTITY = "iPhone Developer";
				COPY_PHASE_STRIP = NO;
				DEBUG_INFORMATION_FORMAT = "dwarf-with-dsym";
				ENABLE_NS_ASSERTIONS = NO;
				ENABLE_STRICT_OBJC_MSGSEND = YES;
				GCC_C_LANGUAGE_STANDARD = gnu11;
				GCC_NO_COMMON_BLOCKS = YES;
				GCC_WARN_64_TO_32_BIT_CONVERSION = YES;
				GCC_WARN_ABOUT_RETURN_TYPE = YES_ERROR;
				GCC_WARN_UNDECLARED_SELECTOR = YES;
				GCC_WARN_UNINITIALIZED_AUTOS = YES_AGGRESSIVE;
				GCC_WARN_UNUSED_FUNCTION = YES;
				GCC_WARN_UNUSED_VARIABLE = YES;
				IPHONEOS_DEPLOYMENT_TARGET = 12.1;
				MTL_ENABLE_DEBUG_INFO = NO;
				MTL_FAST_MATH = YES;
				SDKROOT = iphoneos;
				SWIFT_COMPILATION_MODE = wholemodule;
				SWIFT_OPTIMIZATION_LEVEL = "-O";
				VALIDATE_PRODUCT = YES;
			};
			name = Release;
		};
		FF4DE4B922181531000A4942 /* Debug */ = {
			isa = XCBuildConfiguration;
			buildSettings = {
				ASSETCATALOG_COMPILER_APPICON_NAME = AppIcon;
				CODE_SIGN_STYLE = Automatic;
				DEVELOPMENT_TEAM = SQ2J8S5B39;
				INFOPLIST_FILE = "Send Email App/Info.plist";
				LD_RUNPATH_SEARCH_PATHS = (
					"$(inherited)",
					"@executable_path/Frameworks",
				);
				PRODUCT_BUNDLE_IDENTIFIER = "algashev.Send-Email-App";
				PRODUCT_NAME = "$(TARGET_NAME)";
				SWIFT_VERSION = 4.2;
				TARGETED_DEVICE_FAMILY = "1,2";
			};
			name = Debug;
		};
		FF4DE4BA22181531000A4942 /* Release */ = {
			isa = XCBuildConfiguration;
			buildSettings = {
				ASSETCATALOG_COMPILER_APPICON_NAME = AppIcon;
				CODE_SIGN_STYLE = Automatic;
				DEVELOPMENT_TEAM = SQ2J8S5B39;
				INFOPLIST_FILE = "Send Email App/Info.plist";
				LD_RUNPATH_SEARCH_PATHS = (
					"$(inherited)",
					"@executable_path/Frameworks",
				);
				PRODUCT_BUNDLE_IDENTIFIER = "algashev.Send-Email-App";
				PRODUCT_NAME = "$(TARGET_NAME)";
				SWIFT_VERSION = 4.2;
				TARGETED_DEVICE_FAMILY = "1,2";
			};
			name = Release;
		};
/* End XCBuildConfiguration section */

/* Begin XCConfigurationList section */
		FF4DE4A122181531000A4942 /* Build configuration list for PBXProject "Send Email App" */ = {
			isa = XCConfigurationList;
			buildConfigurations = (
				FF4DE4B622181531000A4942 /* Debug */,
				FF4DE4B722181531000A4942 /* Release */,
			);
			defaultConfigurationIsVisible = 0;
			defaultConfigurationName = Release;
		};
		FF4DE4B822181531000A4942 /* Build configuration list for PBXNativeTarget "Send Email App" */ = {
			isa = XCConfigurationList;
			buildConfigurations = (
				FF4DE4B922181531000A4942 /* Debug */,
				FF4DE4BA22181531000A4942 /* Release */,
			);
			defaultConfigurationIsVisible = 0;
			defaultConfigurationName = Release;
		};
/* End XCConfigurationList section */
	};
	rootObject = FF4DE49E22181531000A4942 /* Project object */;
}
